
Microsoft Visual Studio Solution File, Format Version 12.00
# Visual Studio Version 16
VisualStudioVersion = 16.0.32901.82
MinimumVisualStudioVersion = 10.0.40219.1
Project("{FAE04EC0-301F-11D3-BF4B-00C04F79EFBC}") = "WpfApp2", "WpfApp2\WpfApp2.csproj", "{31603B6F-F679-4290-812D-A3C99DC6EF20}"
EndProject
Global
	GlobalSection(SolutionConfigurationPlatforms) = preSolution
		Debug|Any CPU = Debug|Any CPU
		Release|Any CPU = Release|Any CPU
	EndGlobalSection
	GlobalSection(ProjectConfigurationPlatforms) = postSolution
		{31603B6F-F679-4290-812D-A3C99DC6EF20}.Debug|Any CPU.ActiveCfg = Debug|Any CPU
		{31603B6F-F679-4290-812D-A3C99DC6EF20}.Debug|Any CPU.Build.0 = Debug|Any CPU
		{31603B6F-F679-4290-812D-A3C99DC6EF20}.Release|Any CPU.ActiveCfg = Release|Any CPU
		{31603B6F-F679-4290-812D-A3C99DC6EF20}.Release|Any CPU.Build.0 = Release|Any CPU
	EndGlobalSection
	GlobalSection(SolutionProperties) = preSolution
		HideSolutionNode = FALSE
	EndGlobalSection
	GlobalSection(ExtensibilityGlobals) = postSolution
		SolutionGuid = {CB0680CF-E92B-4113-BADE-42E6E30F99B6}
	EndGlobalSection
EndGlobal
